
Microsoft Visual Studio Solution File, Format Version 12.00
Project("{FAE04EC0-301F-11D3-BF4B-00C04F79EFBC}") = "Bets.Web", "Bets.Web\Bets.Web.csproj", "{0C2A1843-55AC-497E-B0EC-BAAE7BE4FB60}"
EndProject
Project("{2150E333-8FDC-42A3-9474-1A3956D46DE8}") = "Infrastructure", "Infrastructure", "{50A41E19-FA59-46A1-84B4-6AC628CA88ED}"
EndProject
Project("{2150E333-8FDC-42A3-9474-1A3956D46DE8}") = "Presentation", "Presentation", "{470472B0-4E98-4223-B736-057C270418BC}"
EndProject
Project("{2150E333-8FDC-42A3-9474-1A3956D46DE8}") = "Domain", "Domain", "{FD605194-C8F4-4490-9823-A4D8CE9A5579}"
EndProject
Project("{2150E333-8FDC-42A3-9474-1A3956D46DE8}") = "Core", "Core", "{8865716C-9CD9-42B6-85BD-03CBA36B4340}"
EndProject
Project("{2150E333-8FDC-42A3-9474-1A3956D46DE8}") = "Dal", "Dal", "{213356A1-0A69-4967-9583-74D7376CA584}"
EndProject
Project("{FAE04EC0-301F-11D3-BF4B-00C04F79EFBC}") = "Bets.Games.Dal", "Bets.Games.Dal\Bets.Games.Dal.csproj", "{4D95C78B-5520-4829-BDBA-E9CEFD0D1978}"
EndProject
Project("{FAE04EC0-301F-11D3-BF4B-00C04F79EFBC}") = "Bets.Games.Domain", "Bets.Games.Domain\Bets.Games.Domain.csproj", "{FD055CE6-1F3E-4E46-BB89-D18D5589E938}"
EndProject
Project("{2150E333-8FDC-42A3-9474-1A3956D46DE8}") = "Queries", "Queries", "{B42021E6-5A0C-4B35-8798-EAEED700C529}"
EndProject
Project("{FAE04EC0-301F-11D3-BF4B-00C04F79EFBC}") = "Bets.Games.QueryHandlers", "Bets.Games.QueryHandlers\Bets.Games.QueryHandlers.csproj", "{0C5DCFCE-C576-4B8E-878C-7C6081C70746}"
EndProject
Project("{FAE04EC0-301F-11D3-BF4B-00C04F79EFBC}") = "Bets.Api.Dal", "Bets.Api.Dal\Bets.Api.Dal.csproj", "{245303F1-9A07-4117-9F66-A0AF10D5596A}"
EndProject
Project("{FAE04EC0-301F-11D3-BF4B-00C04F79EFBC}") = "Bets.HandlersHost", "Bets.HandlersHost\Bets.HandlersHost.csproj", "{43BC5E97-12A5-4B0E-B252-2ED488D6B75A}"
EndProject
Project("{FAE04EC0-301F-11D3-BF4B-00C04F79EFBC}") = "Bets.Selenium", "Bets.Selenium\Bets.Selenium.csproj", "{20EC103F-4F5F-4E54-B305-4AD5EE140E26}"
EndProject
Project("{FAE04EC0-301F-11D3-BF4B-00C04F79EFBC}") = "Bets.ParserHost", "Bets.ParserHost\Bets.ParserHost.csproj", "{6749EF8C-CE43-41BA-926F-7E4DFA12F9C5}"
EndProject
Project("{FAE04EC0-301F-11D3-BF4B-00C04F79EFBC}") = "Bets.Configuration", "Bets.Configuration\Bets.Configuration.csproj", "{40DFFD11-A5E3-4FAA-9C68-0C2F34F92135}"
EndProject
Project("{FAE04EC0-301F-11D3-BF4B-00C04F79EFBC}") = "Bets.Games.Services", "Bets.Games.Services\Bets.Games.Services.csproj", "{1D3588B7-2B7F-46D5-920E-C4D0F3F96760}"
EndProject
Global
	GlobalSection(SolutionConfigurationPlatforms) = preSolution
		Debug|Any CPU = Debug|Any CPU
		Release|Any CPU = Release|Any CPU
	EndGlobalSection
	GlobalSection(ProjectConfigurationPlatforms) = postSolution
		{0C2A1843-55AC-497E-B0EC-BAAE7BE4FB60}.Debug|Any CPU.ActiveCfg = Debug|Any CPU
		{0C2A1843-55AC-497E-B0EC-BAAE7BE4FB60}.Debug|Any CPU.Build.0 = Debug|Any CPU
		{0C2A1843-55AC-497E-B0EC-BAAE7BE4FB60}.Release|Any CPU.ActiveCfg = Release|Any CPU
		{0C2A1843-55AC-497E-B0EC-BAAE7BE4FB60}.Release|Any CPU.Build.0 = Release|Any CPU
		{4D95C78B-5520-4829-BDBA-E9CEFD0D1978}.Debug|Any CPU.ActiveCfg = Debug|Any CPU
		{4D95C78B-5520-4829-BDBA-E9CEFD0D1978}.Debug|Any CPU.Build.0 = Debug|Any CPU
		{4D95C78B-5520-4829-BDBA-E9CEFD0D1978}.Release|Any CPU.ActiveCfg = Release|Any CPU
		{4D95C78B-5520-4829-BDBA-E9CEFD0D1978}.Release|Any CPU.Build.0 = Release|Any CPU
		{FD055CE6-1F3E-4E46-BB89-D18D5589E938}.Debug|Any CPU.ActiveCfg = Debug|Any CPU
		{FD055CE6-1F3E-4E46-BB89-D18D5589E938}.Debug|Any CPU.Build.0 = Debug|Any CPU
		{FD055CE6-1F3E-4E46-BB89-D18D5589E938}.Release|Any CPU.ActiveCfg = Release|Any CPU
		{FD055CE6-1F3E-4E46-BB89-D18D5589E938}.Release|Any CPU.Build.0 = Release|Any CPU
		{0C5DCFCE-C576-4B8E-878C-7C6081C70746}.Debug|Any CPU.ActiveCfg = Debug|Any CPU
		{0C5DCFCE-C576-4B8E-878C-7C6081C70746}.Debug|Any CPU.Build.0 = Debug|Any CPU
		{0C5DCFCE-C576-4B8E-878C-7C6081C70746}.Release|Any CPU.ActiveCfg = Release|Any CPU
		{0C5DCFCE-C576-4B8E-878C-7C6081C70746}.Release|Any CPU.Build.0 = Release|Any CPU
		{245303F1-9A07-4117-9F66-A0AF10D5596A}.Debug|Any CPU.ActiveCfg = Debug|Any CPU
		{245303F1-9A07-4117-9F66-A0AF10D5596A}.Debug|Any CPU.Build.0 = Debug|Any CPU
		{245303F1-9A07-4117-9F66-A0AF10D5596A}.Release|Any CPU.ActiveCfg = Release|Any CPU
		{245303F1-9A07-4117-9F66-A0AF10D5596A}.Release|Any CPU.Build.0 = Release|Any CPU
		{43BC5E97-12A5-4B0E-B252-2ED488D6B75A}.Debug|Any CPU.ActiveCfg = Debug|Any CPU
		{43BC5E97-12A5-4B0E-B252-2ED488D6B75A}.Debug|Any CPU.Build.0 = Debug|Any CPU
		{43BC5E97-12A5-4B0E-B252-2ED488D6B75A}.Release|Any CPU.ActiveCfg = Release|Any CPU
		{43BC5E97-12A5-4B0E-B252-2ED488D6B75A}.Release|Any CPU.Build.0 = Release|Any CPU
		{20EC103F-4F5F-4E54-B305-4AD5EE140E26}.Debug|Any CPU.ActiveCfg = Debug|Any CPU
		{20EC103F-4F5F-4E54-B305-4AD5EE140E26}.Debug|Any CPU.Build.0 = Debug|Any CPU
		{20EC103F-4F5F-4E54-B305-4AD5EE140E26}.Release|Any CPU.ActiveCfg = Release|Any CPU
		{20EC103F-4F5F-4E54-B305-4AD5EE140E26}.Release|Any CPU.Build.0 = Release|Any CPU
		{6749EF8C-CE43-41BA-926F-7E4DFA12F9C5}.Debug|Any CPU.ActiveCfg = Debug|Any CPU
		{6749EF8C-CE43-41BA-926F-7E4DFA12F9C5}.Debug|Any CPU.Build.0 = Debug|Any CPU
		{6749EF8C-CE43-41BA-926F-7E4DFA12F9C5}.Release|Any CPU.ActiveCfg = Release|Any CPU
		{6749EF8C-CE43-41BA-926F-7E4DFA12F9C5}.Release|Any CPU.Build.0 = Release|Any CPU
		{40DFFD11-A5E3-4FAA-9C68-0C2F34F92135}.Debug|Any CPU.ActiveCfg = Debug|Any CPU
		{40DFFD11-A5E3-4FAA-9C68-0C2F34F92135}.Debug|Any CPU.Build.0 = Debug|Any CPU
		{40DFFD11-A5E3-4FAA-9C68-0C2F34F92135}.Release|Any CPU.ActiveCfg = Release|Any CPU
		{40DFFD11-A5E3-4FAA-9C68-0C2F34F92135}.Release|Any CPU.Build.0 = Release|Any CPU
		{1D3588B7-2B7F-46D5-920E-C4D0F3F96760}.Debug|Any CPU.ActiveCfg = Debug|Any CPU
		{1D3588B7-2B7F-46D5-920E-C4D0F3F96760}.Debug|Any CPU.Build.0 = Debug|Any CPU
		{1D3588B7-2B7F-46D5-920E-C4D0F3F96760}.Release|Any CPU.ActiveCfg = Release|Any CPU
		{1D3588B7-2B7F-46D5-920E-C4D0F3F96760}.Release|Any CPU.Build.0 = Release|Any CPU
	EndGlobalSection
	GlobalSection(NestedProjects) = preSolution
		{0C2A1843-55AC-497E-B0EC-BAAE7BE4FB60} = {470472B0-4E98-4223-B736-057C270418BC}
		{FD605194-C8F4-4490-9823-A4D8CE9A5579} = {8865716C-9CD9-42B6-85BD-03CBA36B4340}
		{213356A1-0A69-4967-9583-74D7376CA584} = {8865716C-9CD9-42B6-85BD-03CBA36B4340}
		{4D95C78B-5520-4829-BDBA-E9CEFD0D1978} = {213356A1-0A69-4967-9583-74D7376CA584}
		{FD055CE6-1F3E-4E46-BB89-D18D5589E938} = {FD605194-C8F4-4490-9823-A4D8CE9A5579}
		{B42021E6-5A0C-4B35-8798-EAEED700C529} = {8865716C-9CD9-42B6-85BD-03CBA36B4340}
		{0C5DCFCE-C576-4B8E-878C-7C6081C70746} = {B42021E6-5A0C-4B35-8798-EAEED700C529}
		{245303F1-9A07-4117-9F66-A0AF10D5596A} = {213356A1-0A69-4967-9583-74D7376CA584}
		{43BC5E97-12A5-4B0E-B252-2ED488D6B75A} = {470472B0-4E98-4223-B736-057C270418BC}
		{20EC103F-4F5F-4E54-B305-4AD5EE140E26} = {FD605194-C8F4-4490-9823-A4D8CE9A5579}
		{6749EF8C-CE43-41BA-926F-7E4DFA12F9C5} = {470472B0-4E98-4223-B736-057C270418BC}
		{40DFFD11-A5E3-4FAA-9C68-0C2F34F92135} = {50A41E19-FA59-46A1-84B4-6AC628CA88ED}
		{1D3588B7-2B7F-46D5-920E-C4D0F3F96760} = {FD605194-C8F4-4490-9823-A4D8CE9A5579}
	EndGlobalSection
EndGlobal
