
Microsoft Visual Studio Solution File, Format Version 12.00
Project("{FAE04EC0-301F-11D3-BF4B-00C04F79EFBC}") = "Bets.Web", "Bets.Web\Bets.Web.csproj", "{0C2A1843-55AC-497E-B0EC-BAAE7BE4FB60}"
EndProject
Project("{2150E333-8FDC-42A3-9474-1A3956D46DE8}") = "Infrastructure", "Infrastructure", "{50A41E19-FA59-46A1-84B4-6AC628CA88ED}"
EndProject
Project("{FAE04EC0-301F-11D3-BF4B-00C04F79EFBC}") = "In.Common", "infrastructure\In.Common\In.Common.csproj", "{FB95FE4C-0FCC-4C3F-98CD-DE1E46C0BBB2}"
EndProject
Project("{2150E333-8FDC-42A3-9474-1A3956D46DE8}") = "Presentation", "Presentation", "{470472B0-4E98-4223-B736-057C270418BC}"
EndProject
Project("{FAE04EC0-301F-11D3-BF4B-00C04F79EFBC}") = "In.Cqrs.Command", "infrastructure\In.Cqrs.Command\In.Cqrs.Command.csproj", "{D352B936-A49A-4EBF-B4D2-6A38C759D315}"
EndProject
Project("{FAE04EC0-301F-11D3-BF4B-00C04F79EFBC}") = "In.Cqrs.Query", "infrastructure\In.Cqrs.Query\In.Cqrs.Query.csproj", "{B0821C08-A5EA-4489-9301-CD8E9714099B}"
EndProject
Project("{FAE04EC0-301F-11D3-BF4B-00C04F79EFBC}") = "In.DataAccess", "infrastructure\In.DataAccess\In.DataAccess.csproj", "{F3A39550-00A9-4393-A8F6-2DE6994A4FF0}"
EndProject
Project("{FAE04EC0-301F-11D3-BF4B-00C04F79EFBC}") = "In.DDD", "infrastructure\In.DDD\In.DDD.csproj", "{43A8EF8D-DD56-4A22-85B9-CD9CBCAEAD82}"
EndProject
Project("{FAE04EC0-301F-11D3-BF4B-00C04F79EFBC}") = "In.FunctionalCSharp", "infrastructure\In.FunctionalCSharp\In.FunctionalCSharp.csproj", "{8A841C0C-D66B-4433-9F78-B2854EC863DA}"
EndProject
Project("{FAE04EC0-301F-11D3-BF4B-00C04F79EFBC}") = "In.Specifications", "infrastructure\In.Specifications\In.Specifications.csproj", "{55D24B05-1FE6-42F3-B1DA-88B6410CC5DD}"
EndProject
Project("{2150E333-8FDC-42A3-9474-1A3956D46DE8}") = "Domain", "Domain", "{FD605194-C8F4-4490-9823-A4D8CE9A5579}"
EndProject
Project("{2150E333-8FDC-42A3-9474-1A3956D46DE8}") = "Core", "Core", "{8865716C-9CD9-42B6-85BD-03CBA36B4340}"
EndProject
Project("{2150E333-8FDC-42A3-9474-1A3956D46DE8}") = "Dal", "Dal", "{213356A1-0A69-4967-9583-74D7376CA584}"
EndProject
Project("{FAE04EC0-301F-11D3-BF4B-00C04F79EFBC}") = "Bets.Games.Dal", "Bets.Games.Dal\Bets.Games.Dal.csproj", "{4D95C78B-5520-4829-BDBA-E9CEFD0D1978}"
EndProject
Project("{FAE04EC0-301F-11D3-BF4B-00C04F79EFBC}") = "Bets.Games.Domain", "Bets.Games.Domain\Bets.Games.Domain.csproj", "{FD055CE6-1F3E-4E46-BB89-D18D5589E938}"
EndProject
Project("{FAE04EC0-301F-11D3-BF4B-00C04F79EFBC}") = "In.Cqrs.Nats", "infrastructure\In.Cqrs.Nats\In.Cqrs.Nats.csproj", "{486D503D-232F-456D-9A9B-45979D920D6F}"
EndProject
Project("{FAE04EC0-301F-11D3-BF4B-00C04F79EFBC}") = "In.Cqrs.Command.Nats", "infrastructure\In.Cqrs.Command.Nats\In.Cqrs.Command.Nats.csproj", "{DE6BABDE-ECBC-42D0-AA43-EB3D904C67E3}"
EndProject
Project("{FAE04EC0-301F-11D3-BF4B-00C04F79EFBC}") = "In.Cqrs.Query.Nats", "infrastructure\In.Cqrs.Query.Nats\In.Cqrs.Query.Nats.csproj", "{EFFA74A1-EBAB-4CEF-8C19-47689BF01EC4}"
EndProject
Project("{2150E333-8FDC-42A3-9474-1A3956D46DE8}") = "Queries", "Queries", "{B42021E6-5A0C-4B35-8798-EAEED700C529}"
EndProject
Project("{FAE04EC0-301F-11D3-BF4B-00C04F79EFBC}") = "Bets.Games.QueryHandlers", "Bets.Games.QueryHandlers\Bets.Games.QueryHandlers.csproj", "{0C5DCFCE-C576-4B8E-878C-7C6081C70746}"
EndProject
Project("{FAE04EC0-301F-11D3-BF4B-00C04F79EFBC}") = "In.DataAccess.EfCore", "infrastructure\In.DataAccess.EfCore\In.DataAccess.EfCore.csproj", "{FF6C1905-2B8C-4C7F-BE3C-117670E724D2}"
EndProject
Project("{FAE04EC0-301F-11D3-BF4B-00C04F79EFBC}") = "In.DataAccess.Mongo", "infrastructure\In.DataAccess.Mongo\In.DataAccess.Mongo.csproj", "{915B8E4E-61DD-4571-886A-48BA75F36D38}"
EndProject
Project("{FAE04EC0-301F-11D3-BF4B-00C04F79EFBC}") = "Bets.Api.Dal", "Bets.Api.Dal\Bets.Api.Dal.csproj", "{245303F1-9A07-4117-9F66-A0AF10D5596A}"
EndProject
Project("{FAE04EC0-301F-11D3-BF4B-00C04F79EFBC}") = "In.Web", "infrastructure\In.Web\In.Web.csproj", "{6736019C-CFE1-475A-B9F6-B180F801FC09}"
EndProject
Project("{FAE04EC0-301F-11D3-BF4B-00C04F79EFBC}") = "Bets.HandlersHost", "Bets.HandlersHost\Bets.HandlersHost.csproj", "{43BC5E97-12A5-4B0E-B252-2ED488D6B75A}"
EndProject
Project("{FAE04EC0-301F-11D3-BF4B-00C04F79EFBC}") = "In.DataMapping", "infrastructure\In.DataMapping\In.DataMapping.csproj", "{CF507AC3-F17A-4A90-BBD7-6949D603972D}"
EndProject
Project("{FAE04EC0-301F-11D3-BF4B-00C04F79EFBC}") = "In.DataMapping.Automapper", "infrastructure\In.DataMapping.Automapper\In.DataMapping.Automapper.csproj", "{EE5440D9-D8BC-43FE-B9F9-BBAF9C24E765}"
EndProject
Project("{FAE04EC0-301F-11D3-BF4B-00C04F79EFBC}") = "In.Logging", "infrastructure\In.Logging\In.Logging.csproj", "{314E35AA-F8A3-40A4-898D-D84B21CB4389}"
EndProject
Global
	GlobalSection(SolutionConfigurationPlatforms) = preSolution
		Debug|Any CPU = Debug|Any CPU
		Release|Any CPU = Release|Any CPU
	EndGlobalSection
	GlobalSection(ProjectConfigurationPlatforms) = postSolution
		{0C2A1843-55AC-497E-B0EC-BAAE7BE4FB60}.Debug|Any CPU.ActiveCfg = Debug|Any CPU
		{0C2A1843-55AC-497E-B0EC-BAAE7BE4FB60}.Debug|Any CPU.Build.0 = Debug|Any CPU
		{0C2A1843-55AC-497E-B0EC-BAAE7BE4FB60}.Release|Any CPU.ActiveCfg = Release|Any CPU
		{0C2A1843-55AC-497E-B0EC-BAAE7BE4FB60}.Release|Any CPU.Build.0 = Release|Any CPU
		{FB95FE4C-0FCC-4C3F-98CD-DE1E46C0BBB2}.Debug|Any CPU.ActiveCfg = Debug|Any CPU
		{FB95FE4C-0FCC-4C3F-98CD-DE1E46C0BBB2}.Debug|Any CPU.Build.0 = Debug|Any CPU
		{FB95FE4C-0FCC-4C3F-98CD-DE1E46C0BBB2}.Release|Any CPU.ActiveCfg = Release|Any CPU
		{FB95FE4C-0FCC-4C3F-98CD-DE1E46C0BBB2}.Release|Any CPU.Build.0 = Release|Any CPU
		{D352B936-A49A-4EBF-B4D2-6A38C759D315}.Debug|Any CPU.ActiveCfg = Debug|Any CPU
		{D352B936-A49A-4EBF-B4D2-6A38C759D315}.Debug|Any CPU.Build.0 = Debug|Any CPU
		{D352B936-A49A-4EBF-B4D2-6A38C759D315}.Release|Any CPU.ActiveCfg = Release|Any CPU
		{D352B936-A49A-4EBF-B4D2-6A38C759D315}.Release|Any CPU.Build.0 = Release|Any CPU
		{B0821C08-A5EA-4489-9301-CD8E9714099B}.Debug|Any CPU.ActiveCfg = Debug|Any CPU
		{B0821C08-A5EA-4489-9301-CD8E9714099B}.Debug|Any CPU.Build.0 = Debug|Any CPU
		{B0821C08-A5EA-4489-9301-CD8E9714099B}.Release|Any CPU.ActiveCfg = Release|Any CPU
		{B0821C08-A5EA-4489-9301-CD8E9714099B}.Release|Any CPU.Build.0 = Release|Any CPU
		{F3A39550-00A9-4393-A8F6-2DE6994A4FF0}.Debug|Any CPU.ActiveCfg = Debug|Any CPU
		{F3A39550-00A9-4393-A8F6-2DE6994A4FF0}.Debug|Any CPU.Build.0 = Debug|Any CPU
		{F3A39550-00A9-4393-A8F6-2DE6994A4FF0}.Release|Any CPU.ActiveCfg = Release|Any CPU
		{F3A39550-00A9-4393-A8F6-2DE6994A4FF0}.Release|Any CPU.Build.0 = Release|Any CPU
		{43A8EF8D-DD56-4A22-85B9-CD9CBCAEAD82}.Debug|Any CPU.ActiveCfg = Debug|Any CPU
		{43A8EF8D-DD56-4A22-85B9-CD9CBCAEAD82}.Debug|Any CPU.Build.0 = Debug|Any CPU
		{43A8EF8D-DD56-4A22-85B9-CD9CBCAEAD82}.Release|Any CPU.ActiveCfg = Release|Any CPU
		{43A8EF8D-DD56-4A22-85B9-CD9CBCAEAD82}.Release|Any CPU.Build.0 = Release|Any CPU
		{8A841C0C-D66B-4433-9F78-B2854EC863DA}.Debug|Any CPU.ActiveCfg = Debug|Any CPU
		{8A841C0C-D66B-4433-9F78-B2854EC863DA}.Debug|Any CPU.Build.0 = Debug|Any CPU
		{8A841C0C-D66B-4433-9F78-B2854EC863DA}.Release|Any CPU.ActiveCfg = Release|Any CPU
		{8A841C0C-D66B-4433-9F78-B2854EC863DA}.Release|Any CPU.Build.0 = Release|Any CPU
		{55D24B05-1FE6-42F3-B1DA-88B6410CC5DD}.Debug|Any CPU.ActiveCfg = Debug|Any CPU
		{55D24B05-1FE6-42F3-B1DA-88B6410CC5DD}.Debug|Any CPU.Build.0 = Debug|Any CPU
		{55D24B05-1FE6-42F3-B1DA-88B6410CC5DD}.Release|Any CPU.ActiveCfg = Release|Any CPU
		{55D24B05-1FE6-42F3-B1DA-88B6410CC5DD}.Release|Any CPU.Build.0 = Release|Any CPU
		{4D95C78B-5520-4829-BDBA-E9CEFD0D1978}.Debug|Any CPU.ActiveCfg = Debug|Any CPU
		{4D95C78B-5520-4829-BDBA-E9CEFD0D1978}.Debug|Any CPU.Build.0 = Debug|Any CPU
		{4D95C78B-5520-4829-BDBA-E9CEFD0D1978}.Release|Any CPU.ActiveCfg = Release|Any CPU
		{4D95C78B-5520-4829-BDBA-E9CEFD0D1978}.Release|Any CPU.Build.0 = Release|Any CPU
		{FD055CE6-1F3E-4E46-BB89-D18D5589E938}.Debug|Any CPU.ActiveCfg = Debug|Any CPU
		{FD055CE6-1F3E-4E46-BB89-D18D5589E938}.Debug|Any CPU.Build.0 = Debug|Any CPU
		{FD055CE6-1F3E-4E46-BB89-D18D5589E938}.Release|Any CPU.ActiveCfg = Release|Any CPU
		{FD055CE6-1F3E-4E46-BB89-D18D5589E938}.Release|Any CPU.Build.0 = Release|Any CPU
		{486D503D-232F-456D-9A9B-45979D920D6F}.Debug|Any CPU.ActiveCfg = Debug|Any CPU
		{486D503D-232F-456D-9A9B-45979D920D6F}.Debug|Any CPU.Build.0 = Debug|Any CPU
		{486D503D-232F-456D-9A9B-45979D920D6F}.Release|Any CPU.ActiveCfg = Release|Any CPU
		{486D503D-232F-456D-9A9B-45979D920D6F}.Release|Any CPU.Build.0 = Release|Any CPU
		{DE6BABDE-ECBC-42D0-AA43-EB3D904C67E3}.Debug|Any CPU.ActiveCfg = Debug|Any CPU
		{DE6BABDE-ECBC-42D0-AA43-EB3D904C67E3}.Debug|Any CPU.Build.0 = Debug|Any CPU
		{DE6BABDE-ECBC-42D0-AA43-EB3D904C67E3}.Release|Any CPU.ActiveCfg = Release|Any CPU
		{DE6BABDE-ECBC-42D0-AA43-EB3D904C67E3}.Release|Any CPU.Build.0 = Release|Any CPU
		{EFFA74A1-EBAB-4CEF-8C19-47689BF01EC4}.Debug|Any CPU.ActiveCfg = Debug|Any CPU
		{EFFA74A1-EBAB-4CEF-8C19-47689BF01EC4}.Debug|Any CPU.Build.0 = Debug|Any CPU
		{EFFA74A1-EBAB-4CEF-8C19-47689BF01EC4}.Release|Any CPU.ActiveCfg = Release|Any CPU
		{EFFA74A1-EBAB-4CEF-8C19-47689BF01EC4}.Release|Any CPU.Build.0 = Release|Any CPU
		{0C5DCFCE-C576-4B8E-878C-7C6081C70746}.Debug|Any CPU.ActiveCfg = Debug|Any CPU
		{0C5DCFCE-C576-4B8E-878C-7C6081C70746}.Debug|Any CPU.Build.0 = Debug|Any CPU
		{0C5DCFCE-C576-4B8E-878C-7C6081C70746}.Release|Any CPU.ActiveCfg = Release|Any CPU
		{0C5DCFCE-C576-4B8E-878C-7C6081C70746}.Release|Any CPU.Build.0 = Release|Any CPU
		{FF6C1905-2B8C-4C7F-BE3C-117670E724D2}.Debug|Any CPU.ActiveCfg = Debug|Any CPU
		{FF6C1905-2B8C-4C7F-BE3C-117670E724D2}.Debug|Any CPU.Build.0 = Debug|Any CPU
		{FF6C1905-2B8C-4C7F-BE3C-117670E724D2}.Release|Any CPU.ActiveCfg = Release|Any CPU
		{FF6C1905-2B8C-4C7F-BE3C-117670E724D2}.Release|Any CPU.Build.0 = Release|Any CPU
		{915B8E4E-61DD-4571-886A-48BA75F36D38}.Debug|Any CPU.ActiveCfg = Debug|Any CPU
		{915B8E4E-61DD-4571-886A-48BA75F36D38}.Debug|Any CPU.Build.0 = Debug|Any CPU
		{915B8E4E-61DD-4571-886A-48BA75F36D38}.Release|Any CPU.ActiveCfg = Release|Any CPU
		{915B8E4E-61DD-4571-886A-48BA75F36D38}.Release|Any CPU.Build.0 = Release|Any CPU
		{245303F1-9A07-4117-9F66-A0AF10D5596A}.Debug|Any CPU.ActiveCfg = Debug|Any CPU
		{245303F1-9A07-4117-9F66-A0AF10D5596A}.Debug|Any CPU.Build.0 = Debug|Any CPU
		{245303F1-9A07-4117-9F66-A0AF10D5596A}.Release|Any CPU.ActiveCfg = Release|Any CPU
		{245303F1-9A07-4117-9F66-A0AF10D5596A}.Release|Any CPU.Build.0 = Release|Any CPU
		{6736019C-CFE1-475A-B9F6-B180F801FC09}.Debug|Any CPU.ActiveCfg = Debug|Any CPU
		{6736019C-CFE1-475A-B9F6-B180F801FC09}.Debug|Any CPU.Build.0 = Debug|Any CPU
		{6736019C-CFE1-475A-B9F6-B180F801FC09}.Release|Any CPU.ActiveCfg = Release|Any CPU
		{6736019C-CFE1-475A-B9F6-B180F801FC09}.Release|Any CPU.Build.0 = Release|Any CPU
		{43BC5E97-12A5-4B0E-B252-2ED488D6B75A}.Debug|Any CPU.ActiveCfg = Debug|Any CPU
		{43BC5E97-12A5-4B0E-B252-2ED488D6B75A}.Debug|Any CPU.Build.0 = Debug|Any CPU
		{43BC5E97-12A5-4B0E-B252-2ED488D6B75A}.Release|Any CPU.ActiveCfg = Release|Any CPU
		{43BC5E97-12A5-4B0E-B252-2ED488D6B75A}.Release|Any CPU.Build.0 = Release|Any CPU
		{CF507AC3-F17A-4A90-BBD7-6949D603972D}.Debug|Any CPU.ActiveCfg = Debug|Any CPU
		{CF507AC3-F17A-4A90-BBD7-6949D603972D}.Debug|Any CPU.Build.0 = Debug|Any CPU
		{CF507AC3-F17A-4A90-BBD7-6949D603972D}.Release|Any CPU.ActiveCfg = Release|Any CPU
		{CF507AC3-F17A-4A90-BBD7-6949D603972D}.Release|Any CPU.Build.0 = Release|Any CPU
		{EE5440D9-D8BC-43FE-B9F9-BBAF9C24E765}.Debug|Any CPU.ActiveCfg = Debug|Any CPU
		{EE5440D9-D8BC-43FE-B9F9-BBAF9C24E765}.Debug|Any CPU.Build.0 = Debug|Any CPU
		{EE5440D9-D8BC-43FE-B9F9-BBAF9C24E765}.Release|Any CPU.ActiveCfg = Release|Any CPU
		{EE5440D9-D8BC-43FE-B9F9-BBAF9C24E765}.Release|Any CPU.Build.0 = Release|Any CPU
		{314E35AA-F8A3-40A4-898D-D84B21CB4389}.Debug|Any CPU.ActiveCfg = Debug|Any CPU
		{314E35AA-F8A3-40A4-898D-D84B21CB4389}.Debug|Any CPU.Build.0 = Debug|Any CPU
		{314E35AA-F8A3-40A4-898D-D84B21CB4389}.Release|Any CPU.ActiveCfg = Release|Any CPU
		{314E35AA-F8A3-40A4-898D-D84B21CB4389}.Release|Any CPU.Build.0 = Release|Any CPU
	EndGlobalSection
	GlobalSection(NestedProjects) = preSolution
		{FB95FE4C-0FCC-4C3F-98CD-DE1E46C0BBB2} = {50A41E19-FA59-46A1-84B4-6AC628CA88ED}
		{0C2A1843-55AC-497E-B0EC-BAAE7BE4FB60} = {470472B0-4E98-4223-B736-057C270418BC}
		{D352B936-A49A-4EBF-B4D2-6A38C759D315} = {50A41E19-FA59-46A1-84B4-6AC628CA88ED}
		{B0821C08-A5EA-4489-9301-CD8E9714099B} = {50A41E19-FA59-46A1-84B4-6AC628CA88ED}
		{F3A39550-00A9-4393-A8F6-2DE6994A4FF0} = {50A41E19-FA59-46A1-84B4-6AC628CA88ED}
		{43A8EF8D-DD56-4A22-85B9-CD9CBCAEAD82} = {50A41E19-FA59-46A1-84B4-6AC628CA88ED}
		{8A841C0C-D66B-4433-9F78-B2854EC863DA} = {50A41E19-FA59-46A1-84B4-6AC628CA88ED}
		{55D24B05-1FE6-42F3-B1DA-88B6410CC5DD} = {50A41E19-FA59-46A1-84B4-6AC628CA88ED}
		{FD605194-C8F4-4490-9823-A4D8CE9A5579} = {8865716C-9CD9-42B6-85BD-03CBA36B4340}
		{213356A1-0A69-4967-9583-74D7376CA584} = {8865716C-9CD9-42B6-85BD-03CBA36B4340}
		{4D95C78B-5520-4829-BDBA-E9CEFD0D1978} = {213356A1-0A69-4967-9583-74D7376CA584}
		{FD055CE6-1F3E-4E46-BB89-D18D5589E938} = {FD605194-C8F4-4490-9823-A4D8CE9A5579}
		{486D503D-232F-456D-9A9B-45979D920D6F} = {50A41E19-FA59-46A1-84B4-6AC628CA88ED}
		{DE6BABDE-ECBC-42D0-AA43-EB3D904C67E3} = {50A41E19-FA59-46A1-84B4-6AC628CA88ED}
		{EFFA74A1-EBAB-4CEF-8C19-47689BF01EC4} = {50A41E19-FA59-46A1-84B4-6AC628CA88ED}
		{B42021E6-5A0C-4B35-8798-EAEED700C529} = {8865716C-9CD9-42B6-85BD-03CBA36B4340}
		{0C5DCFCE-C576-4B8E-878C-7C6081C70746} = {B42021E6-5A0C-4B35-8798-EAEED700C529}
		{FF6C1905-2B8C-4C7F-BE3C-117670E724D2} = {50A41E19-FA59-46A1-84B4-6AC628CA88ED}
		{915B8E4E-61DD-4571-886A-48BA75F36D38} = {50A41E19-FA59-46A1-84B4-6AC628CA88ED}
		{245303F1-9A07-4117-9F66-A0AF10D5596A} = {213356A1-0A69-4967-9583-74D7376CA584}
		{6736019C-CFE1-475A-B9F6-B180F801FC09} = {50A41E19-FA59-46A1-84B4-6AC628CA88ED}
		{43BC5E97-12A5-4B0E-B252-2ED488D6B75A} = {470472B0-4E98-4223-B736-057C270418BC}
		{CF507AC3-F17A-4A90-BBD7-6949D603972D} = {50A41E19-FA59-46A1-84B4-6AC628CA88ED}
		{EE5440D9-D8BC-43FE-B9F9-BBAF9C24E765} = {50A41E19-FA59-46A1-84B4-6AC628CA88ED}
		{314E35AA-F8A3-40A4-898D-D84B21CB4389} = {50A41E19-FA59-46A1-84B4-6AC628CA88ED}
	EndGlobalSection
EndGlobal
